
Microsoft Visual Studio Solution File, Format Version 12.00
# Visual Studio Version 17
VisualStudioVersion = 17.6.33829.357
MinimumVisualStudioVersion = 10.0.40219.1
Project("{9A19103F-16F7-4668-BE54-9A1E7A4F7556}") = "Constructors in C#", "Constructors in C#\Constructors in C#.csproj", "{32DA10A4-A171-428C-8987-778724854882}"
EndProject
Project("{9A19103F-16F7-4668-BE54-9A1E7A4F7556}") = "Destructors in C#", "Destructors in C#\Destructors in C#.csproj", "{09282838-57BC-423A-AE9B-4E2E5C14BDD3}"
EndProject
Project("{9A19103F-16F7-4668-BE54-9A1E7A4F7556}") = "Garbage Collection on C# .NET", "Garbage Collection on C# .NET\Garbage Collection on C# .NET.csproj", "{C482AF12-5B09-4904-9822-89A52C7E5B01}"
EndProject
Project("{9A19103F-16F7-4668-BE54-9A1E7A4F7556}") = "Encapsulation in C#", "Encapsulation in C#\Encapsulation in C#.csproj", "{DAB6E53F-B5E3-4D13-B02D-4ADD61A60E46}"
EndProject
Project("{9A19103F-16F7-4668-BE54-9A1E7A4F7556}") = "Abstraction in C#", "Abstraction in C#\Abstraction in C#.csproj", "{2429A482-2D3E-4089-9BAA-E3989C57653C}"
EndProject
Project("{9A19103F-16F7-4668-BE54-9A1E7A4F7556}") = "Inheritance in C#", "Inheritance in C#\Inheritance in C#.csproj", "{46655C93-E6E7-43E6-BB11-E790F3F3ED03}"
EndProject
Project("{FAE04EC0-301F-11D3-BF4B-00C04F79EFBC}") = "Interface in C#", "Interface in C#\Interface in C#.csproj", "{F4AADA03-1FC3-4F5E-AAC5-B0DDE538461F}"
EndProject
Global
	GlobalSection(SolutionConfigurationPlatforms) = preSolution
		Debug|Any CPU = Debug|Any CPU
		Release|Any CPU = Release|Any CPU
	EndGlobalSection
	GlobalSection(ProjectConfigurationPlatforms) = postSolution
		{32DA10A4-A171-428C-8987-778724854882}.Debug|Any CPU.ActiveCfg = Debug|Any CPU
		{32DA10A4-A171-428C-8987-778724854882}.Debug|Any CPU.Build.0 = Debug|Any CPU
		{32DA10A4-A171-428C-8987-778724854882}.Release|Any CPU.ActiveCfg = Release|Any CPU
		{32DA10A4-A171-428C-8987-778724854882}.Release|Any CPU.Build.0 = Release|Any CPU
		{09282838-57BC-423A-AE9B-4E2E5C14BDD3}.Debug|Any CPU.ActiveCfg = Debug|Any CPU
		{09282838-57BC-423A-AE9B-4E2E5C14BDD3}.Debug|Any CPU.Build.0 = Debug|Any CPU
		{09282838-57BC-423A-AE9B-4E2E5C14BDD3}.Release|Any CPU.ActiveCfg = Release|Any CPU
		{09282838-57BC-423A-AE9B-4E2E5C14BDD3}.Release|Any CPU.Build.0 = Release|Any CPU
		{C482AF12-5B09-4904-9822-89A52C7E5B01}.Debug|Any CPU.ActiveCfg = Debug|Any CPU
		{C482AF12-5B09-4904-9822-89A52C7E5B01}.Debug|Any CPU.Build.0 = Debug|Any CPU
		{C482AF12-5B09-4904-9822-89A52C7E5B01}.Release|Any CPU.ActiveCfg = Release|Any CPU
		{C482AF12-5B09-4904-9822-89A52C7E5B01}.Release|Any CPU.Build.0 = Release|Any CPU
		{DAB6E53F-B5E3-4D13-B02D-4ADD61A60E46}.Debug|Any CPU.ActiveCfg = Debug|Any CPU
		{DAB6E53F-B5E3-4D13-B02D-4ADD61A60E46}.Debug|Any CPU.Build.0 = Debug|Any CPU
		{DAB6E53F-B5E3-4D13-B02D-4ADD61A60E46}.Release|Any CPU.ActiveCfg = Release|Any CPU
		{DAB6E53F-B5E3-4D13-B02D-4ADD61A60E46}.Release|Any CPU.Build.0 = Release|Any CPU
		{2429A482-2D3E-4089-9BAA-E3989C57653C}.Debug|Any CPU.ActiveCfg = Debug|Any CPU
		{2429A482-2D3E-4089-9BAA-E3989C57653C}.Debug|Any CPU.Build.0 = Debug|Any CPU
		{2429A482-2D3E-4089-9BAA-E3989C57653C}.Release|Any CPU.ActiveCfg = Release|Any CPU
		{2429A482-2D3E-4089-9BAA-E3989C57653C}.Release|Any CPU.Build.0 = Release|Any CPU
		{46655C93-E6E7-43E6-BB11-E790F3F3ED03}.Debug|Any CPU.ActiveCfg = Debug|Any CPU
		{46655C93-E6E7-43E6-BB11-E790F3F3ED03}.Debug|Any CPU.Build.0 = Debug|Any CPU
		{46655C93-E6E7-43E6-BB11-E790F3F3ED03}.Release|Any CPU.ActiveCfg = Release|Any CPU
		{46655C93-E6E7-43E6-BB11-E790F3F3ED03}.Release|Any CPU.Build.0 = Release|Any CPU
		{F4AADA03-1FC3-4F5E-AAC5-B0DDE538461F}.Debug|Any CPU.ActiveCfg = Debug|Any CPU
		{F4AADA03-1FC3-4F5E-AAC5-B0DDE538461F}.Debug|Any CPU.Build.0 = Debug|Any CPU
		{F4AADA03-1FC3-4F5E-AAC5-B0DDE538461F}.Release|Any CPU.ActiveCfg = Release|Any CPU
		{F4AADA03-1FC3-4F5E-AAC5-B0DDE538461F}.Release|Any CPU.Build.0 = Release|Any CPU
	EndGlobalSection
	GlobalSection(SolutionProperties) = preSolution
		HideSolutionNode = FALSE
	EndGlobalSection
	GlobalSection(ExtensibilityGlobals) = postSolution
		SolutionGuid = {B969342A-912B-469D-9D75-2CFDB07DAF53}
	EndGlobalSection
EndGlobal
